
Microsoft Visual Studio Solution File, Format Version 12.00
# Visual Studio 2015
Project("{FAE04EC0-301F-11D3-BF4B-00C04F79EFBC}") = "Making a Multiplayer FPS in Unity.CSharp.Plugins", "Making a Multiplayer FPS in Unity.CSharp.Plugins.csproj", "{F4BFF70E-B622-3130-B163-3C53BD010EF6}"
EndProject
Project("{FAE04EC0-301F-11D3-BF4B-00C04F79EFBC}") = "Making a Multiplayer FPS in Unity.CSharp", "Making a Multiplayer FPS in Unity.CSharp.csproj", "{84F8DB90-CBD9-12DF-8458-E95050E2C477}"
EndProject
Project("{FAE04EC0-301F-11D3-BF4B-00C04F79EFBC}") = "Making a Multiplayer FPS in Unity.CSharp.Editor", "Making a Multiplayer FPS in Unity.CSharp.Editor.csproj", "{30682A4D-4F5E-675C-6F4A-0F2ECF8D66DA}"
EndProject
Global
	GlobalSection(SolutionConfigurationPlatforms) = preSolution
		Debug|Any CPU = Debug|Any CPU
		Release|Any CPU = Release|Any CPU
	EndGlobalSection
	GlobalSection(ProjectConfigurationPlatforms) = postSolution
		{F4BFF70E-B622-3130-B163-3C53BD010EF6}.Debug|Any CPU.ActiveCfg = Debug|Any CPU
		{F4BFF70E-B622-3130-B163-3C53BD010EF6}.Debug|Any CPU.Build.0 = Debug|Any CPU
		{F4BFF70E-B622-3130-B163-3C53BD010EF6}.Release|Any CPU.ActiveCfg = Release|Any CPU
		{F4BFF70E-B622-3130-B163-3C53BD010EF6}.Release|Any CPU.Build.0 = Release|Any CPU
		{84F8DB90-CBD9-12DF-8458-E95050E2C477}.Debug|Any CPU.ActiveCfg = Debug|Any CPU
		{84F8DB90-CBD9-12DF-8458-E95050E2C477}.Debug|Any CPU.Build.0 = Debug|Any CPU
		{84F8DB90-CBD9-12DF-8458-E95050E2C477}.Release|Any CPU.ActiveCfg = Release|Any CPU
		{84F8DB90-CBD9-12DF-8458-E95050E2C477}.Release|Any CPU.Build.0 = Release|Any CPU
		{30682A4D-4F5E-675C-6F4A-0F2ECF8D66DA}.Debug|Any CPU.ActiveCfg = Debug|Any CPU
		{30682A4D-4F5E-675C-6F4A-0F2ECF8D66DA}.Debug|Any CPU.Build.0 = Debug|Any CPU
		{30682A4D-4F5E-675C-6F4A-0F2ECF8D66DA}.Release|Any CPU.ActiveCfg = Release|Any CPU
		{30682A4D-4F5E-675C-6F4A-0F2ECF8D66DA}.Release|Any CPU.Build.0 = Release|Any CPU
	EndGlobalSection
	GlobalSection(SolutionProperties) = preSolution
		HideSolutionNode = FALSE
	EndGlobalSection
EndGlobal
